
Microsoft Visual Studio Solution File, Format Version 12.00
# Visual Studio 15
Project("{FAE04EC0-301F-11D3-BF4B-00C04F79EFBC}") = "VRWarriorsTest", "VRWarriorsTest.csproj", "{2C91E410-FD51-C785-E73D-638776551ECE}"
EndProject
Project("{FAE04EC0-301F-11D3-BF4B-00C04F79EFBC}") = "VRWarriorsTest.Editor", "VRWarriorsTest.Editor.csproj", "{9C95A6FC-F565-85FE-884F-9F9ED09C5702}"
EndProject
Global
	GlobalSection(SolutionConfigurationPlatforms) = preSolution
		Debug|Any CPU = Debug|Any CPU
		Release|Any CPU = Release|Any CPU
	EndGlobalSection
	GlobalSection(ProjectConfigurationPlatforms) = postSolution
		{2C91E410-FD51-C785-E73D-638776551ECE}.Debug|Any CPU.ActiveCfg = Debug|Any CPU
		{2C91E410-FD51-C785-E73D-638776551ECE}.Debug|Any CPU.Build.0 = Debug|Any CPU
		{2C91E410-FD51-C785-E73D-638776551ECE}.Release|Any CPU.ActiveCfg = Release|Any CPU
		{2C91E410-FD51-C785-E73D-638776551ECE}.Release|Any CPU.Build.0 = Release|Any CPU
		{9C95A6FC-F565-85FE-884F-9F9ED09C5702}.Debug|Any CPU.ActiveCfg = Debug|Any CPU
		{9C95A6FC-F565-85FE-884F-9F9ED09C5702}.Debug|Any CPU.Build.0 = Debug|Any CPU
		{9C95A6FC-F565-85FE-884F-9F9ED09C5702}.Release|Any CPU.ActiveCfg = Release|Any CPU
		{9C95A6FC-F565-85FE-884F-9F9ED09C5702}.Release|Any CPU.Build.0 = Release|Any CPU
	EndGlobalSection
	GlobalSection(SolutionProperties) = preSolution
		HideSolutionNode = FALSE
	EndGlobalSection
EndGlobal
